
Microsoft Visual Studio Solution File, Format Version 12.00
# Visual Studio Version 16
VisualStudioVersion = 16.0.31019.35
MinimumVisualStudioVersion = 10.0.40219.1
Project("{FAE04EC0-301F-11D3-BF4B-00C04F79EFBC}") = "ASP218458", "ASP218458\ASP218458.csproj", "{05D05DDF-549A-435C-BEFD-5846336150CF}"
EndProject
Global
	GlobalSection(SolutionConfigurationPlatforms) = preSolution
		Debug|Any CPU = Debug|Any CPU
		Release|Any CPU = Release|Any CPU
	EndGlobalSection
	GlobalSection(ProjectConfigurationPlatforms) = postSolution
		{05D05DDF-549A-435C-BEFD-5846336150CF}.Debug|Any CPU.ActiveCfg = Debug|Any CPU
		{05D05DDF-549A-435C-BEFD-5846336150CF}.Debug|Any CPU.Build.0 = Debug|Any CPU
		{05D05DDF-549A-435C-BEFD-5846336150CF}.Release|Any CPU.ActiveCfg = Release|Any CPU
		{05D05DDF-549A-435C-BEFD-5846336150CF}.Release|Any CPU.Build.0 = Release|Any CPU
	EndGlobalSection
	GlobalSection(SolutionProperties) = preSolution
		HideSolutionNode = FALSE
	EndGlobalSection
	GlobalSection(ExtensibilityGlobals) = postSolution
		SolutionGuid = {C1EB5334-A14F-4470-9CBA-5ED34EE8B17E}
	EndGlobalSection
EndGlobal
